
Microsoft Visual Studio Solution File, Format Version 12.00
# Visual Studio 15
VisualStudioVersion = 15.0.26730.16
MinimumVisualStudioVersion = 10.0.40219.1
Project("{FAE04EC0-301F-11D3-BF4B-00C04F79EFBC}") = "01_Hornet Wings", "01_Hornet Wings\01_Hornet Wings.csproj", "{A32AD2D5-F8CD-4BD8-B5D9-BA201BF79A24}"
EndProject
Project("{FAE04EC0-301F-11D3-BF4B-00C04F79EFBC}") = "02_Hornet Comm", "02_Hornet Comm.\02_Hornet Comm.csproj", "{C1DD3ECD-6FC7-4000-B246-F6C6258CB95A}"
EndProject
Global
	GlobalSection(SolutionConfigurationPlatforms) = preSolution
		Debug|Any CPU = Debug|Any CPU
		Release|Any CPU = Release|Any CPU
	EndGlobalSection
	GlobalSection(ProjectConfigurationPlatforms) = postSolution
		{A32AD2D5-F8CD-4BD8-B5D9-BA201BF79A24}.Debug|Any CPU.ActiveCfg = Debug|Any CPU
		{A32AD2D5-F8CD-4BD8-B5D9-BA201BF79A24}.Debug|Any CPU.Build.0 = Debug|Any CPU
		{A32AD2D5-F8CD-4BD8-B5D9-BA201BF79A24}.Release|Any CPU.ActiveCfg = Release|Any CPU
		{A32AD2D5-F8CD-4BD8-B5D9-BA201BF79A24}.Release|Any CPU.Build.0 = Release|Any CPU
		{C1DD3ECD-6FC7-4000-B246-F6C6258CB95A}.Debug|Any CPU.ActiveCfg = Debug|Any CPU
		{C1DD3ECD-6FC7-4000-B246-F6C6258CB95A}.Debug|Any CPU.Build.0 = Debug|Any CPU
		{C1DD3ECD-6FC7-4000-B246-F6C6258CB95A}.Release|Any CPU.ActiveCfg = Release|Any CPU
		{C1DD3ECD-6FC7-4000-B246-F6C6258CB95A}.Release|Any CPU.Build.0 = Release|Any CPU
	EndGlobalSection
	GlobalSection(SolutionProperties) = preSolution
		HideSolutionNode = FALSE
	EndGlobalSection
	GlobalSection(ExtensibilityGlobals) = postSolution
		SolutionGuid = {62E4335B-B1EA-42F3-9EAB-5743988A0FB1}
	EndGlobalSection
EndGlobal
