
Microsoft Visual Studio Solution File, Format Version 12.00
# Visual Studio 15
VisualStudioVersion = 15.0.26730.16
MinimumVisualStudioVersion = 10.0.40219.1
Project("{FAE04EC0-301F-11D3-BF4B-00C04F79EFBC}") = "01_Count Working Days", "01_Count Working Days\01_Count Working Days.csproj", "{7235629F-EC71-4504-AF0D-97E8A5C0F0AB}"
EndProject
Project("{FAE04EC0-301F-11D3-BF4B-00C04F79EFBC}") = "02_Advertisement Message", "02_Advertisement Message\02_Advertisement Message.csproj", "{341BC03B-88F9-418D-9B03-34D130DAB9EB}"
EndProject
Project("{FAE04EC0-301F-11D3-BF4B-00C04F79EFBC}") = "03_Intersection of Circles", "03_Intersection of Circles\03_Intersection of Circles.csproj", "{44F44FCB-003B-42F8-81EB-516DACBD5D3A}"
EndProject
Project("{FAE04EC0-301F-11D3-BF4B-00C04F79EFBC}") = "04_Average Grades", "04_Average Grades\04_Average Grades.csproj", "{0E994257-18DB-47C9-92DF-8E3A7CE30DF1}"
EndProject
Project("{FAE04EC0-301F-11D3-BF4B-00C04F79EFBC}") = "07_Andrey and Billiard", "07_Andrey and Billiard\07_Andrey and Billiard.csproj", "{B434EDDC-0473-4DEF-80C0-5AB7A8303487}"
EndProject
Project("{FAE04EC0-301F-11D3-BF4B-00C04F79EFBC}") = "05_Book Library", "05_Book Library\05_Book Library.csproj", "{7C90737C-0228-4CBC-82BA-AE1E5EEC9610}"
EndProject
Project("{FAE04EC0-301F-11D3-BF4B-00C04F79EFBC}") = "06_Book Library Modification", "06_Book Library Modification\06_Book Library Modification.csproj", "{52A3E441-D641-4E75-B688-D0276B6B6F8D}"
EndProject
Global
	GlobalSection(SolutionConfigurationPlatforms) = preSolution
		Debug|Any CPU = Debug|Any CPU
		Release|Any CPU = Release|Any CPU
	EndGlobalSection
	GlobalSection(ProjectConfigurationPlatforms) = postSolution
		{7235629F-EC71-4504-AF0D-97E8A5C0F0AB}.Debug|Any CPU.ActiveCfg = Debug|Any CPU
		{7235629F-EC71-4504-AF0D-97E8A5C0F0AB}.Debug|Any CPU.Build.0 = Debug|Any CPU
		{7235629F-EC71-4504-AF0D-97E8A5C0F0AB}.Release|Any CPU.ActiveCfg = Release|Any CPU
		{7235629F-EC71-4504-AF0D-97E8A5C0F0AB}.Release|Any CPU.Build.0 = Release|Any CPU
		{341BC03B-88F9-418D-9B03-34D130DAB9EB}.Debug|Any CPU.ActiveCfg = Debug|Any CPU
		{341BC03B-88F9-418D-9B03-34D130DAB9EB}.Debug|Any CPU.Build.0 = Debug|Any CPU
		{341BC03B-88F9-418D-9B03-34D130DAB9EB}.Release|Any CPU.ActiveCfg = Release|Any CPU
		{341BC03B-88F9-418D-9B03-34D130DAB9EB}.Release|Any CPU.Build.0 = Release|Any CPU
		{44F44FCB-003B-42F8-81EB-516DACBD5D3A}.Debug|Any CPU.ActiveCfg = Debug|Any CPU
		{44F44FCB-003B-42F8-81EB-516DACBD5D3A}.Debug|Any CPU.Build.0 = Debug|Any CPU
		{44F44FCB-003B-42F8-81EB-516DACBD5D3A}.Release|Any CPU.ActiveCfg = Release|Any CPU
		{44F44FCB-003B-42F8-81EB-516DACBD5D3A}.Release|Any CPU.Build.0 = Release|Any CPU
		{0E994257-18DB-47C9-92DF-8E3A7CE30DF1}.Debug|Any CPU.ActiveCfg = Debug|Any CPU
		{0E994257-18DB-47C9-92DF-8E3A7CE30DF1}.Debug|Any CPU.Build.0 = Debug|Any CPU
		{0E994257-18DB-47C9-92DF-8E3A7CE30DF1}.Release|Any CPU.ActiveCfg = Release|Any CPU
		{0E994257-18DB-47C9-92DF-8E3A7CE30DF1}.Release|Any CPU.Build.0 = Release|Any CPU
		{B434EDDC-0473-4DEF-80C0-5AB7A8303487}.Debug|Any CPU.ActiveCfg = Debug|Any CPU
		{B434EDDC-0473-4DEF-80C0-5AB7A8303487}.Debug|Any CPU.Build.0 = Debug|Any CPU
		{B434EDDC-0473-4DEF-80C0-5AB7A8303487}.Release|Any CPU.ActiveCfg = Release|Any CPU
		{B434EDDC-0473-4DEF-80C0-5AB7A8303487}.Release|Any CPU.Build.0 = Release|Any CPU
		{7C90737C-0228-4CBC-82BA-AE1E5EEC9610}.Debug|Any CPU.ActiveCfg = Debug|Any CPU
		{7C90737C-0228-4CBC-82BA-AE1E5EEC9610}.Debug|Any CPU.Build.0 = Debug|Any CPU
		{7C90737C-0228-4CBC-82BA-AE1E5EEC9610}.Release|Any CPU.ActiveCfg = Release|Any CPU
		{7C90737C-0228-4CBC-82BA-AE1E5EEC9610}.Release|Any CPU.Build.0 = Release|Any CPU
		{52A3E441-D641-4E75-B688-D0276B6B6F8D}.Debug|Any CPU.ActiveCfg = Debug|Any CPU
		{52A3E441-D641-4E75-B688-D0276B6B6F8D}.Debug|Any CPU.Build.0 = Debug|Any CPU
		{52A3E441-D641-4E75-B688-D0276B6B6F8D}.Release|Any CPU.ActiveCfg = Release|Any CPU
		{52A3E441-D641-4E75-B688-D0276B6B6F8D}.Release|Any CPU.Build.0 = Release|Any CPU
	EndGlobalSection
	GlobalSection(SolutionProperties) = preSolution
		HideSolutionNode = FALSE
	EndGlobalSection
	GlobalSection(ExtensibilityGlobals) = postSolution
		SolutionGuid = {553C261A-7295-454D-A028-C8BB9ADC2476}
	EndGlobalSection
EndGlobal
