
Microsoft Visual Studio Solution File, Format Version 12.00
# Visual Studio 15
VisualStudioVersion = 15.0.26730.16
MinimumVisualStudioVersion = 10.0.40219.1
Project("{FAE04EC0-301F-11D3-BF4B-00C04F79EFBC}") = "Task1 Greetings", "Task1\Task1 Greetings.csproj", "{3820A73A-8A93-49DA-96EA-11C8231FF891}"
EndProject
Project("{FAE04EC0-301F-11D3-BF4B-00C04F79EFBC}") = "Task2 AddTwoNumbers", "Task2 AddTwoNumbers\Task2 AddTwoNumbers.csproj", "{F04EAFF7-A3EF-44AE-8273-B815575B49E6}"
EndProject
Project("{FAE04EC0-301F-11D3-BF4B-00C04F79EFBC}") = "Task3 Employee Data", "Task3 Employee Data\Task3 Employee Data.csproj", "{46410E54-CDBE-4A13-8F17-32FD33B99250}"
EndProject
Global
	GlobalSection(SolutionConfigurationPlatforms) = preSolution
		Debug|Any CPU = Debug|Any CPU
		Release|Any CPU = Release|Any CPU
	EndGlobalSection
	GlobalSection(ProjectConfigurationPlatforms) = postSolution
		{3820A73A-8A93-49DA-96EA-11C8231FF891}.Debug|Any CPU.ActiveCfg = Debug|Any CPU
		{3820A73A-8A93-49DA-96EA-11C8231FF891}.Debug|Any CPU.Build.0 = Debug|Any CPU
		{3820A73A-8A93-49DA-96EA-11C8231FF891}.Release|Any CPU.ActiveCfg = Release|Any CPU
		{3820A73A-8A93-49DA-96EA-11C8231FF891}.Release|Any CPU.Build.0 = Release|Any CPU
		{F04EAFF7-A3EF-44AE-8273-B815575B49E6}.Debug|Any CPU.ActiveCfg = Debug|Any CPU
		{F04EAFF7-A3EF-44AE-8273-B815575B49E6}.Debug|Any CPU.Build.0 = Debug|Any CPU
		{F04EAFF7-A3EF-44AE-8273-B815575B49E6}.Release|Any CPU.ActiveCfg = Release|Any CPU
		{F04EAFF7-A3EF-44AE-8273-B815575B49E6}.Release|Any CPU.Build.0 = Release|Any CPU
		{46410E54-CDBE-4A13-8F17-32FD33B99250}.Debug|Any CPU.ActiveCfg = Debug|Any CPU
		{46410E54-CDBE-4A13-8F17-32FD33B99250}.Debug|Any CPU.Build.0 = Debug|Any CPU
		{46410E54-CDBE-4A13-8F17-32FD33B99250}.Release|Any CPU.ActiveCfg = Release|Any CPU
		{46410E54-CDBE-4A13-8F17-32FD33B99250}.Release|Any CPU.Build.0 = Release|Any CPU
	EndGlobalSection
	GlobalSection(SolutionProperties) = preSolution
		HideSolutionNode = FALSE
	EndGlobalSection
	GlobalSection(ExtensibilityGlobals) = postSolution
		SolutionGuid = {55156172-5A66-465B-9284-DA13A6DC97FE}
	EndGlobalSection
EndGlobal
