
Microsoft Visual Studio Solution File, Format Version 12.00
# Visual Studio 15
VisualStudioVersion = 15.0.26730.16
MinimumVisualStudioVersion = 10.0.40219.1
Project("{FAE04EC0-301F-11D3-BF4B-00C04F79EFBC}") = "01_SinoTheWalker", "01_SinoTheWalker\01_SinoTheWalker.csproj", "{8A7C7354-5546-4FA1-8B52-54FF221F4248}"
EndProject
Project("{FAE04EC0-301F-11D3-BF4B-00C04F79EFBC}") = "02_SoftUniKaraoke", "02_SoftUniKaraoke\02_SoftUniKaraoke.csproj", "{0B89CE94-C8B4-4D55-B149-0D1770C875A1}"
EndProject
Project("{FAE04EC0-301F-11D3-BF4B-00C04F79EFBC}") = "03_EnduranceRally", "03_EnduranceRally\03_EnduranceRally.csproj", "{92174F53-F98E-4CFD-840D-8E4AF215201D}"
EndProject
Project("{FAE04EC0-301F-11D3-BF4B-00C04F79EFBC}") = "04_WinningTicket", "04_WinningTicket\04_WinningTicket.csproj", "{3846E916-519D-4C5D-AB94-F44C0974C9F0}"
EndProject
Project("{FAE04EC0-301F-11D3-BF4B-00C04F79EFBC}") = "05_EndureanceRally2.0", "05_EndureanceRally2.0\05_EndureanceRally2.0.csproj", "{F8A19A9F-FF62-49E8-B14B-39E14C5A8192}"
EndProject
Global
	GlobalSection(SolutionConfigurationPlatforms) = preSolution
		Debug|Any CPU = Debug|Any CPU
		Release|Any CPU = Release|Any CPU
	EndGlobalSection
	GlobalSection(ProjectConfigurationPlatforms) = postSolution
		{8A7C7354-5546-4FA1-8B52-54FF221F4248}.Debug|Any CPU.ActiveCfg = Debug|Any CPU
		{8A7C7354-5546-4FA1-8B52-54FF221F4248}.Debug|Any CPU.Build.0 = Debug|Any CPU
		{8A7C7354-5546-4FA1-8B52-54FF221F4248}.Release|Any CPU.ActiveCfg = Release|Any CPU
		{8A7C7354-5546-4FA1-8B52-54FF221F4248}.Release|Any CPU.Build.0 = Release|Any CPU
		{0B89CE94-C8B4-4D55-B149-0D1770C875A1}.Debug|Any CPU.ActiveCfg = Debug|Any CPU
		{0B89CE94-C8B4-4D55-B149-0D1770C875A1}.Debug|Any CPU.Build.0 = Debug|Any CPU
		{0B89CE94-C8B4-4D55-B149-0D1770C875A1}.Release|Any CPU.ActiveCfg = Release|Any CPU
		{0B89CE94-C8B4-4D55-B149-0D1770C875A1}.Release|Any CPU.Build.0 = Release|Any CPU
		{92174F53-F98E-4CFD-840D-8E4AF215201D}.Debug|Any CPU.ActiveCfg = Debug|Any CPU
		{92174F53-F98E-4CFD-840D-8E4AF215201D}.Debug|Any CPU.Build.0 = Debug|Any CPU
		{92174F53-F98E-4CFD-840D-8E4AF215201D}.Release|Any CPU.ActiveCfg = Release|Any CPU
		{92174F53-F98E-4CFD-840D-8E4AF215201D}.Release|Any CPU.Build.0 = Release|Any CPU
		{3846E916-519D-4C5D-AB94-F44C0974C9F0}.Debug|Any CPU.ActiveCfg = Debug|Any CPU
		{3846E916-519D-4C5D-AB94-F44C0974C9F0}.Debug|Any CPU.Build.0 = Debug|Any CPU
		{3846E916-519D-4C5D-AB94-F44C0974C9F0}.Release|Any CPU.ActiveCfg = Release|Any CPU
		{3846E916-519D-4C5D-AB94-F44C0974C9F0}.Release|Any CPU.Build.0 = Release|Any CPU
		{F8A19A9F-FF62-49E8-B14B-39E14C5A8192}.Debug|Any CPU.ActiveCfg = Debug|Any CPU
		{F8A19A9F-FF62-49E8-B14B-39E14C5A8192}.Debug|Any CPU.Build.0 = Debug|Any CPU
		{F8A19A9F-FF62-49E8-B14B-39E14C5A8192}.Release|Any CPU.ActiveCfg = Release|Any CPU
		{F8A19A9F-FF62-49E8-B14B-39E14C5A8192}.Release|Any CPU.Build.0 = Release|Any CPU
	EndGlobalSection
	GlobalSection(SolutionProperties) = preSolution
		HideSolutionNode = FALSE
	EndGlobalSection
	GlobalSection(ExtensibilityGlobals) = postSolution
		SolutionGuid = {8CD17953-3C2B-46D0-98D7-5B62DBAD4E01}
	EndGlobalSection
EndGlobal
