
Microsoft Visual Studio Solution File, Format Version 12.00
# Visual Studio 15
VisualStudioVersion = 15.0.26730.16
MinimumVisualStudioVersion = 10.0.40219.1
Project("{FAE04EC0-301F-11D3-BF4B-00C04F79EFBC}") = "01_Most Frequent Number", "01_Most Frequent Number\01_Most Frequent Number.csproj", "{711E2549-8C4D-4A5C-8635-D1471C487D62}"
EndProject
Project("{FAE04EC0-301F-11D3-BF4B-00C04F79EFBC}") = "02_Index of Letters", "02_Index of Letters\02_Index of Letters.csproj", "{23FB8898-7D92-48E5-9D2B-234C9B087205}"
EndProject
Project("{FAE04EC0-301F-11D3-BF4B-00C04F79EFBC}") = "03_Equal Sums", "03_Equal Sums\03_Equal Sums.csproj", "{8187E475-10A0-4C00-AA94-048D3984D90D}"
EndProject
Project("{FAE04EC0-301F-11D3-BF4B-00C04F79EFBC}") = "04_MaxSequenceofEqualElements", "04_MaxSequenceofEqualElements\04_MaxSequenceofEqualElements.csproj", "{E9C7C75B-D443-41DC-A428-6591BB4021AD}"
EndProject
Project("{FAE04EC0-301F-11D3-BF4B-00C04F79EFBC}") = "05_A Miner Task", "05_A Miner Task\05_A Miner Task.csproj", "{55000EA5-70C5-47DC-BECC-B5A14007F63D}"
EndProject
Project("{FAE04EC0-301F-11D3-BF4B-00C04F79EFBC}") = "06_Fix Emails", "06_Fix Emails\06_Fix Emails.csproj", "{532423C5-CD16-4D20-AA5B-AA26FA4E06B2}"
EndProject
Project("{FAE04EC0-301F-11D3-BF4B-00C04F79EFBC}") = "07_Advertisement Message", "07_Advertisement Message\07_Advertisement Message.csproj", "{F638BC87-BA99-42F4-9DD0-A010D3F11BB8}"
EndProject
Project("{FAE04EC0-301F-11D3-BF4B-00C04F79EFBC}") = "08_Average Grades", "08_Average Grades\08_Average Grades.csproj", "{6FE8551E-9BBE-492D-A8D2-0739A9C36AB4}"
EndProject
Project("{FAE04EC0-301F-11D3-BF4B-00C04F79EFBC}") = "09_Book Library", "09_Book Library\09_Book Library.csproj", "{E3D6D25D-D7C3-41B2-B694-AD347F024679}"
EndProject
Project("{FAE04EC0-301F-11D3-BF4B-00C04F79EFBC}") = "10_Book Library Modification", "10_Book Library Modification\10_Book Library Modification.csproj", "{1FE998D1-A901-4253-AED7-91BDD8CE2C5C}"
EndProject
Global
	GlobalSection(SolutionConfigurationPlatforms) = preSolution
		Debug|Any CPU = Debug|Any CPU
		Release|Any CPU = Release|Any CPU
	EndGlobalSection
	GlobalSection(ProjectConfigurationPlatforms) = postSolution
		{711E2549-8C4D-4A5C-8635-D1471C487D62}.Debug|Any CPU.ActiveCfg = Debug|Any CPU
		{711E2549-8C4D-4A5C-8635-D1471C487D62}.Debug|Any CPU.Build.0 = Debug|Any CPU
		{711E2549-8C4D-4A5C-8635-D1471C487D62}.Release|Any CPU.ActiveCfg = Release|Any CPU
		{711E2549-8C4D-4A5C-8635-D1471C487D62}.Release|Any CPU.Build.0 = Release|Any CPU
		{23FB8898-7D92-48E5-9D2B-234C9B087205}.Debug|Any CPU.ActiveCfg = Debug|Any CPU
		{23FB8898-7D92-48E5-9D2B-234C9B087205}.Debug|Any CPU.Build.0 = Debug|Any CPU
		{23FB8898-7D92-48E5-9D2B-234C9B087205}.Release|Any CPU.ActiveCfg = Release|Any CPU
		{23FB8898-7D92-48E5-9D2B-234C9B087205}.Release|Any CPU.Build.0 = Release|Any CPU
		{8187E475-10A0-4C00-AA94-048D3984D90D}.Debug|Any CPU.ActiveCfg = Debug|Any CPU
		{8187E475-10A0-4C00-AA94-048D3984D90D}.Debug|Any CPU.Build.0 = Debug|Any CPU
		{8187E475-10A0-4C00-AA94-048D3984D90D}.Release|Any CPU.ActiveCfg = Release|Any CPU
		{8187E475-10A0-4C00-AA94-048D3984D90D}.Release|Any CPU.Build.0 = Release|Any CPU
		{E9C7C75B-D443-41DC-A428-6591BB4021AD}.Debug|Any CPU.ActiveCfg = Debug|Any CPU
		{E9C7C75B-D443-41DC-A428-6591BB4021AD}.Debug|Any CPU.Build.0 = Debug|Any CPU
		{E9C7C75B-D443-41DC-A428-6591BB4021AD}.Release|Any CPU.ActiveCfg = Release|Any CPU
		{E9C7C75B-D443-41DC-A428-6591BB4021AD}.Release|Any CPU.Build.0 = Release|Any CPU
		{55000EA5-70C5-47DC-BECC-B5A14007F63D}.Debug|Any CPU.ActiveCfg = Debug|Any CPU
		{55000EA5-70C5-47DC-BECC-B5A14007F63D}.Debug|Any CPU.Build.0 = Debug|Any CPU
		{55000EA5-70C5-47DC-BECC-B5A14007F63D}.Release|Any CPU.ActiveCfg = Release|Any CPU
		{55000EA5-70C5-47DC-BECC-B5A14007F63D}.Release|Any CPU.Build.0 = Release|Any CPU
		{532423C5-CD16-4D20-AA5B-AA26FA4E06B2}.Debug|Any CPU.ActiveCfg = Debug|Any CPU
		{532423C5-CD16-4D20-AA5B-AA26FA4E06B2}.Debug|Any CPU.Build.0 = Debug|Any CPU
		{532423C5-CD16-4D20-AA5B-AA26FA4E06B2}.Release|Any CPU.ActiveCfg = Release|Any CPU
		{532423C5-CD16-4D20-AA5B-AA26FA4E06B2}.Release|Any CPU.Build.0 = Release|Any CPU
		{F638BC87-BA99-42F4-9DD0-A010D3F11BB8}.Debug|Any CPU.ActiveCfg = Debug|Any CPU
		{F638BC87-BA99-42F4-9DD0-A010D3F11BB8}.Debug|Any CPU.Build.0 = Debug|Any CPU
		{F638BC87-BA99-42F4-9DD0-A010D3F11BB8}.Release|Any CPU.ActiveCfg = Release|Any CPU
		{F638BC87-BA99-42F4-9DD0-A010D3F11BB8}.Release|Any CPU.Build.0 = Release|Any CPU
		{6FE8551E-9BBE-492D-A8D2-0739A9C36AB4}.Debug|Any CPU.ActiveCfg = Debug|Any CPU
		{6FE8551E-9BBE-492D-A8D2-0739A9C36AB4}.Debug|Any CPU.Build.0 = Debug|Any CPU
		{6FE8551E-9BBE-492D-A8D2-0739A9C36AB4}.Release|Any CPU.ActiveCfg = Release|Any CPU
		{6FE8551E-9BBE-492D-A8D2-0739A9C36AB4}.Release|Any CPU.Build.0 = Release|Any CPU
		{E3D6D25D-D7C3-41B2-B694-AD347F024679}.Debug|Any CPU.ActiveCfg = Debug|Any CPU
		{E3D6D25D-D7C3-41B2-B694-AD347F024679}.Debug|Any CPU.Build.0 = Debug|Any CPU
		{E3D6D25D-D7C3-41B2-B694-AD347F024679}.Release|Any CPU.ActiveCfg = Release|Any CPU
		{E3D6D25D-D7C3-41B2-B694-AD347F024679}.Release|Any CPU.Build.0 = Release|Any CPU
		{1FE998D1-A901-4253-AED7-91BDD8CE2C5C}.Debug|Any CPU.ActiveCfg = Debug|Any CPU
		{1FE998D1-A901-4253-AED7-91BDD8CE2C5C}.Debug|Any CPU.Build.0 = Debug|Any CPU
		{1FE998D1-A901-4253-AED7-91BDD8CE2C5C}.Release|Any CPU.ActiveCfg = Release|Any CPU
		{1FE998D1-A901-4253-AED7-91BDD8CE2C5C}.Release|Any CPU.Build.0 = Release|Any CPU
	EndGlobalSection
	GlobalSection(SolutionProperties) = preSolution
		HideSolutionNode = FALSE
	EndGlobalSection
	GlobalSection(ExtensibilityGlobals) = postSolution
		SolutionGuid = {A9602031-6705-4EDE-9145-1D0DEE6CA344}
	EndGlobalSection
EndGlobal
