
Microsoft Visual Studio Solution File, Format Version 12.00
# Visual Studio 15
VisualStudioVersion = 15.0.26730.16
MinimumVisualStudioVersion = 10.0.40219.1
Project("{FAE04EC0-301F-11D3-BF4B-00C04F79EFBC}") = "01_MaxSequenceofEqualElements", "01_MaxSequenceofEqualElements\01_MaxSequenceofEqualElements.csproj", "{C938B458-2AD4-4CE4-8879-B91C77C0E0BE}"
EndProject
Project("{FAE04EC0-301F-11D3-BF4B-00C04F79EFBC}") = "06_Sum Reversed Numbers", "06_Sum Reversed Numbers\06_Sum Reversed Numbers.csproj", "{6B8CFB7D-4F6F-4C0F-8082-C92EA7589A09}"
EndProject
Global
	GlobalSection(SolutionConfigurationPlatforms) = preSolution
		Debug|Any CPU = Debug|Any CPU
		Release|Any CPU = Release|Any CPU
	EndGlobalSection
	GlobalSection(ProjectConfigurationPlatforms) = postSolution
		{C938B458-2AD4-4CE4-8879-B91C77C0E0BE}.Debug|Any CPU.ActiveCfg = Debug|Any CPU
		{C938B458-2AD4-4CE4-8879-B91C77C0E0BE}.Debug|Any CPU.Build.0 = Debug|Any CPU
		{C938B458-2AD4-4CE4-8879-B91C77C0E0BE}.Release|Any CPU.ActiveCfg = Release|Any CPU
		{C938B458-2AD4-4CE4-8879-B91C77C0E0BE}.Release|Any CPU.Build.0 = Release|Any CPU
		{6B8CFB7D-4F6F-4C0F-8082-C92EA7589A09}.Debug|Any CPU.ActiveCfg = Debug|Any CPU
		{6B8CFB7D-4F6F-4C0F-8082-C92EA7589A09}.Debug|Any CPU.Build.0 = Debug|Any CPU
		{6B8CFB7D-4F6F-4C0F-8082-C92EA7589A09}.Release|Any CPU.ActiveCfg = Release|Any CPU
		{6B8CFB7D-4F6F-4C0F-8082-C92EA7589A09}.Release|Any CPU.Build.0 = Release|Any CPU
	EndGlobalSection
	GlobalSection(SolutionProperties) = preSolution
		HideSolutionNode = FALSE
	EndGlobalSection
	GlobalSection(ExtensibilityGlobals) = postSolution
		SolutionGuid = {549C5D64-E1EF-4813-83CB-5F72D60B1D75}
	EndGlobalSection
EndGlobal
