
Microsoft Visual Studio Solution File, Format Version 12.00
# Visual Studio 15
VisualStudioVersion = 15.0.26730.16
MinimumVisualStudioVersion = 10.0.40219.1
Project("{FAE04EC0-301F-11D3-BF4B-00C04F79EFBC}") = "01_Largest Common End", "01_Largest Common End\01_Largest Common End.csproj", "{48137CD4-491C-46AA-9F6F-ED76B094B6CA}"
EndProject
Project("{FAE04EC0-301F-11D3-BF4B-00C04F79EFBC}") = "02_Rotate and Sum", "02_Rotate and Sum\02_Rotate and Sum.csproj", "{7D53F9D0-5DBE-407D-8C06-C129D6DBC7DD}"
EndProject
Project("{FAE04EC0-301F-11D3-BF4B-00C04F79EFBC}") = "05_Compare Char Arrays", "05_Compare Char Arrays\05_Compare Char Arrays.csproj", "{B6B1E79B-4AEE-45FE-9612-44C4F7A3C276}"
EndProject
Project("{FAE04EC0-301F-11D3-BF4B-00C04F79EFBC}") = "03_Fold and Sum", "03_Fold and Sum\03_Fold and Sum.csproj", "{48233498-0595-42A5-B3AC-C485A106CD73}"
EndProject
Project("{FAE04EC0-301F-11D3-BF4B-00C04F79EFBC}") = "04_Sieve of Eratosthenes", "04_Sieve of Eratosthenes\04_Sieve of Eratosthenes.csproj", "{922F4D81-6F63-47FA-AAF9-1B245D53C099}"
EndProject
Project("{FAE04EC0-301F-11D3-BF4B-00C04F79EFBC}") = "06_Max Sequence of Equal Elements", "06_Max Sequence of Equal Elements\06_Max Sequence of Equal Elements.csproj", "{A854A8C0-5CD0-4CC2-9743-8BA4EED98E6D}"
EndProject
Global
	GlobalSection(SolutionConfigurationPlatforms) = preSolution
		Debug|Any CPU = Debug|Any CPU
		Release|Any CPU = Release|Any CPU
	EndGlobalSection
	GlobalSection(ProjectConfigurationPlatforms) = postSolution
		{48137CD4-491C-46AA-9F6F-ED76B094B6CA}.Debug|Any CPU.ActiveCfg = Debug|Any CPU
		{48137CD4-491C-46AA-9F6F-ED76B094B6CA}.Debug|Any CPU.Build.0 = Debug|Any CPU
		{48137CD4-491C-46AA-9F6F-ED76B094B6CA}.Release|Any CPU.ActiveCfg = Release|Any CPU
		{48137CD4-491C-46AA-9F6F-ED76B094B6CA}.Release|Any CPU.Build.0 = Release|Any CPU
		{7D53F9D0-5DBE-407D-8C06-C129D6DBC7DD}.Debug|Any CPU.ActiveCfg = Debug|Any CPU
		{7D53F9D0-5DBE-407D-8C06-C129D6DBC7DD}.Debug|Any CPU.Build.0 = Debug|Any CPU
		{7D53F9D0-5DBE-407D-8C06-C129D6DBC7DD}.Release|Any CPU.ActiveCfg = Release|Any CPU
		{7D53F9D0-5DBE-407D-8C06-C129D6DBC7DD}.Release|Any CPU.Build.0 = Release|Any CPU
		{B6B1E79B-4AEE-45FE-9612-44C4F7A3C276}.Debug|Any CPU.ActiveCfg = Debug|Any CPU
		{B6B1E79B-4AEE-45FE-9612-44C4F7A3C276}.Debug|Any CPU.Build.0 = Debug|Any CPU
		{B6B1E79B-4AEE-45FE-9612-44C4F7A3C276}.Release|Any CPU.ActiveCfg = Release|Any CPU
		{B6B1E79B-4AEE-45FE-9612-44C4F7A3C276}.Release|Any CPU.Build.0 = Release|Any CPU
		{48233498-0595-42A5-B3AC-C485A106CD73}.Debug|Any CPU.ActiveCfg = Debug|Any CPU
		{48233498-0595-42A5-B3AC-C485A106CD73}.Debug|Any CPU.Build.0 = Debug|Any CPU
		{48233498-0595-42A5-B3AC-C485A106CD73}.Release|Any CPU.ActiveCfg = Release|Any CPU
		{48233498-0595-42A5-B3AC-C485A106CD73}.Release|Any CPU.Build.0 = Release|Any CPU
		{922F4D81-6F63-47FA-AAF9-1B245D53C099}.Debug|Any CPU.ActiveCfg = Debug|Any CPU
		{922F4D81-6F63-47FA-AAF9-1B245D53C099}.Debug|Any CPU.Build.0 = Debug|Any CPU
		{922F4D81-6F63-47FA-AAF9-1B245D53C099}.Release|Any CPU.ActiveCfg = Release|Any CPU
		{922F4D81-6F63-47FA-AAF9-1B245D53C099}.Release|Any CPU.Build.0 = Release|Any CPU
		{A854A8C0-5CD0-4CC2-9743-8BA4EED98E6D}.Debug|Any CPU.ActiveCfg = Debug|Any CPU
		{A854A8C0-5CD0-4CC2-9743-8BA4EED98E6D}.Debug|Any CPU.Build.0 = Debug|Any CPU
		{A854A8C0-5CD0-4CC2-9743-8BA4EED98E6D}.Release|Any CPU.ActiveCfg = Release|Any CPU
		{A854A8C0-5CD0-4CC2-9743-8BA4EED98E6D}.Release|Any CPU.Build.0 = Release|Any CPU
	EndGlobalSection
	GlobalSection(SolutionProperties) = preSolution
		HideSolutionNode = FALSE
	EndGlobalSection
	GlobalSection(ExtensibilityGlobals) = postSolution
		SolutionGuid = {AD91F164-BB17-479F-9197-356326EB29A1}
	EndGlobalSection
EndGlobal
